// !$*UTF8*$!
{
	archiveVersion = 1;
	classes = {
	};
	objectVersion = 56;
	objects = {

/* Begin PBXBuildFile section */
		CEB2B4B82BEDF2DC00192E3B /* AppDelegate.swift in Sources */ = {isa = PBXBuildFile; fileRef = CEB2B4B72BEDF2DC00192E3B /* AppDelegate.swift */; };
		CEB2B4BA2BEDF2DC00192E3B /* SceneDelegate.swift in Sources */ = {isa = PBXBuildFile; fileRef = CEB2B4B92BEDF2DC00192E3B /* SceneDelegate.swift */; };
		CEB2B4BC2BEDF2DC00192E3B /* ViewController.swift in Sources */ = {isa = PBXBuildFile; fileRef = CEB2B4BB2BEDF2DC00192E3B /* ViewController.swift */; };
		CEB2B4BF2BEDF2DC00192E3B /* Base in Resources */ = {isa = PBXBuildFile; fileRef = CEB2B4BE2BEDF2DC00192E3B /* Base */; };
		CEB2B4C12BEDF2DE00192E3B /* Assets.xcassets in Resources */ = {isa = PBXBuildFile; fileRef = CEB2B4C02BEDF2DE00192E3B /* Assets.xcassets */; };
		CEB2B4C42BEDF2DE00192E3B /* Base in Resources */ = {isa = PBXBuildFile; fileRef = CEB2B4C32BEDF2DE00192E3B /* Base */; };
		CEB8CABC2BEE2AB2001FF47F /* Realm in Frameworks */ = {isa = PBXBuildFile; productRef = CEB8CABB2BEE2AB2001FF47F /* Realm */; };
		CEB8CABE2BEE2AB2001FF47F /* RealmSwift in Frameworks */ = {isa = PBXBuildFile; productRef = CEB8CABD2BEE2AB2001FF47F /* RealmSwift */; };
		CEDCEC572BEDFA15004C0C8F /* Memo.swift in Sources */ = {isa = PBXBuildFile; fileRef = CEDCEC562BEDFA15004C0C8F /* Memo.swift */; };
/* End PBXBuildFile section */

/* Begin PBXCopyFilesBuildPhase section */
		CEDCEC552BEDF6AA004C0C8F /* Embed Frameworks */ = {
			isa = PBXCopyFilesBuildPhase;
			buildActionMask = 2147483647;
			dstPath = "";
			dstSubfolderSpec = 10;
			files = (
			);
			name = "Embed Frameworks";
			runOnlyForDeploymentPostprocessing = 0;
		};
/* End PBXCopyFilesBuildPhase section */

/* Begin PBXFileReference section */
		CEB2B4B42BEDF2DC00192E3B /* DatabaseRealm.app */ = {isa = PBXFileReference; explicitFileType = wrapper.application; includeInIndex = 0; path = DatabaseRealm.app; sourceTree = BUILT_PRODUCTS_DIR; };
		CEB2B4B72BEDF2DC00192E3B /* AppDelegate.swift */ = {isa = PBXFileReference; lastKnownFileType = sourcecode.swift; path = AppDelegate.swift; sourceTree = "<group>"; };
		CEB2B4B92BEDF2DC00192E3B /* SceneDelegate.swift */ = {isa = PBXFileReference; lastKnownFileType = sourcecode.swift; path = SceneDelegate.swift; sourceTree = "<group>"; };
		CEB2B4BB2BEDF2DC00192E3B /* ViewController.swift */ = {isa = PBXFileReference; lastKnownFileType = sourcecode.swift; path = ViewController.swift; sourceTree = "<group>"; };
		CEB2B4BE2BEDF2DC00192E3B /* Base */ = {isa = PBXFileReference; lastKnownFileType = file.storyboard; name = Base; path = Base.lproj/Main.storyboard; sourceTree = "<group>"; };
		CEB2B4C02BEDF2DE00192E3B /* Assets.xcassets */ = {isa = PBXFileReference; lastKnownFileType = folder.assetcatalog; path = Assets.xcassets; sourceTree = "<group>"; };
		CEB2B4C32BEDF2DE00192E3B /* Base */ = {isa = PBXFileReference; lastKnownFileType = file.storyboard; name = Base; path = Base.lproj/LaunchScreen.storyboard; sourceTree = "<group>"; };
		CEB2B4C52BEDF2DE00192E3B /* Info.plist */ = {isa = PBXFileReference; lastKnownFileType = text.plist.xml; path = Info.plist; sourceTree = "<group>"; };
		CEDCEC562BEDFA15004C0C8F /* Memo.swift */ = {isa = PBXFileReference; lastKnownFileType = sourcecode.swift; path = Memo.swift; sourceTree = "<group>"; };
/* End PBXFileReference section */

/* Begin PBXFrameworksBuildPhase section */
		CEB2B4B12BEDF2DC00192E3B /* Frameworks */ = {
			isa = PBXFrameworksBuildPhase;
			buildActionMask = 2147483647;
			files = (
				CEB8CABE2BEE2AB2001FF47F /* RealmSwift in Frameworks */,
				CEB8CABC2BEE2AB2001FF47F /* Realm in Frameworks */,
			);
			runOnlyForDeploymentPostprocessing = 0;
		};
/* End PBXFrameworksBuildPhase section */

/* Begin PBXGroup section */
		CEB2B4AB2BEDF2DC00192E3B = {
			isa = PBXGroup;
			children = (
				CEB2B4B62BEDF2DC00192E3B /* DatabaseRealm */,
				CEB2B4B52BEDF2DC00192E3B /* Products */,
				CEDCEC4E2BEDF6A9004C0C8F /* Frameworks */,
			);
			sourceTree = "<group>";
		};
		CEB2B4B52BEDF2DC00192E3B /* Products */ = {
			isa = PBXGroup;
			children = (
				CEB2B4B42BEDF2DC00192E3B /* DatabaseRealm.app */,
			);
			name = Products;
			sourceTree = "<group>";
		};
		CEB2B4B62BEDF2DC00192E3B /* DatabaseRealm */ = {
			isa = PBXGroup;
			children = (
				CEB2B4B72BEDF2DC00192E3B /* AppDelegate.swift */,
				CEB2B4B92BEDF2DC00192E3B /* SceneDelegate.swift */,
				CEDCEC562BEDFA15004C0C8F /* Memo.swift */,
				CEB2B4BB2BEDF2DC00192E3B /* ViewController.swift */,
				CEB2B4BD2BEDF2DC00192E3B /* Main.storyboard */,
				CEB2B4C02BEDF2DE00192E3B /* Assets.xcassets */,
				CEB2B4C22BEDF2DE00192E3B /* LaunchScreen.storyboard */,
				CEB2B4C52BEDF2DE00192E3B /* Info.plist */,
			);
			path = DatabaseRealm;
			sourceTree = "<group>";
		};
		CEDCEC4E2BEDF6A9004C0C8F /* Frameworks */ = {
			isa = PBXGroup;
			children = (
			);
			name = Frameworks;
			sourceTree = "<group>";
		};
/* End PBXGroup section */

/* Begin PBXNativeTarget section */
		CEB2B4B32BEDF2DC00192E3B /* DatabaseRealm */ = {
			isa = PBXNativeTarget;
			buildConfigurationList = CEB2B4C82BEDF2DE00192E3B /* Build configuration list for PBXNativeTarget "DatabaseRealm" */;
			buildPhases = (
				CEB2B4B02BEDF2DC00192E3B /* Sources */,
				CEB2B4B12BEDF2DC00192E3B /* Frameworks */,
				CEB2B4B22BEDF2DC00192E3B /* Resources */,
				CEDCEC552BEDF6AA004C0C8F /* Embed Frameworks */,
			);
			buildRules = (
			);
			dependencies = (
			);
			name = DatabaseRealm;
			packageProductDependencies = (
				CEB8CABB2BEE2AB2001FF47F /* Realm */,
				CEB8CABD2BEE2AB2001FF47F /* RealmSwift */,
			);
			productName = DatabaseRealm;
			productReference = CEB2B4B42BEDF2DC00192E3B /* DatabaseRealm.app */;
			productType = "com.apple.product-type.application";
		};
/* End PBXNativeTarget section */

/* Begin PBXProject section */
		CEB2B4AC2BEDF2DC00192E3B /* Project object */ = {
			isa = PBXProject;
			attributes = {
				BuildIndependentTargetsInParallel = 1;
				LastSwiftUpdateCheck = 1530;
				LastUpgradeCheck = 1530;
				TargetAttributes = {
					CEB2B4B32BEDF2DC00192E3B = {
						CreatedOnToolsVersion = 15.3;
					};
				};
			};
			buildConfigurationList = CEB2B4AF2BEDF2DC00192E3B /* Build configuration list for PBXProject "DatabaseRealm" */;
			compatibilityVersion = "Xcode 14.0";
			developmentRegion = en;
			hasScannedForEncodings = 0;
			knownRegions = (
				en,
				Base,
			);
			mainGroup = CEB2B4AB2BEDF2DC00192E3B;
			packageReferences = (
				CEB8CABA2BEE2AB2001FF47F /* XCRemoteSwiftPackageReference "realm-swift" */,
			);
			productRefGroup = CEB2B4B52BEDF2DC00192E3B /* Products */;
			projectDirPath = "";
			projectRoot = "";
			targets = (
				CEB2B4B32BEDF2DC00192E3B /* DatabaseRealm */,
			);
		};
/* End PBXProject section */

/* Begin PBXResourcesBuildPhase section */
		CEB2B4B22BEDF2DC00192E3B /* Resources */ = {
			isa = PBXResourcesBuildPhase;
			buildActionMask = 2147483647;
			files = (
				CEB2B4C12BEDF2DE00192E3B /* Assets.xcassets in Resources */,
				CEB2B4C42BEDF2DE00192E3B /* Base in Resources */,
				CEB2B4BF2BEDF2DC00192E3B /* Base in Resources */,
			);
			runOnlyForDeploymentPostprocessing = 0;
		};
/* End PBXResourcesBuildPhase section */

/* Begin PBXSourcesBuildPhase section */
		CEB2B4B02BEDF2DC00192E3B /* Sources */ = {
			isa = PBXSourcesBuildPhase;
			buildActionMask = 2147483647;
			files = (
				CEB2B4BC2BEDF2DC00192E3B /* ViewController.swift in Sources */,
				CEB2B4B82BEDF2DC00192E3B /* AppDelegate.swift in Sources */,
				CEB2B4BA2BEDF2DC00192E3B /* SceneDelegate.swift in Sources */,
				CEDCEC572BEDFA15004C0C8F /* Memo.swift in Sources */,
			);
			runOnlyForDeploymentPostprocessing = 0;
		};
/* End PBXSourcesBuildPhase section */

/* Begin PBXVariantGroup section */
		CEB2B4BD2BEDF2DC00192E3B /* Main.storyboard */ = {
			isa = PBXVariantGroup;
			children = (
				CEB2B4BE2BEDF2DC00192E3B /* Base */,
			);
			name = Main.storyboard;
			sourceTree = "<group>";
		};
		CEB2B4C22BEDF2DE00192E3B /* LaunchScreen.storyboard */ = {
			isa = PBXVariantGroup;
			children = (
				CEB2B4C32BEDF2DE00192E3B /* Base */,
			);
			name = LaunchScreen.storyboard;
			sourceTree = "<group>";
		};
/* End PBXVariantGroup section */

/* Begin XCBuildConfiguration section */
		CEB2B4C62BEDF2DE00192E3B /* Debug */ = {
			isa = XCBuildConfiguration;
			buildSettings = {
				ALWAYS_SEARCH_USER_PATHS = NO;
				ASSETCATALOG_COMPILER_GENERATE_SWIFT_ASSET_SYMBOL_EXTENSIONS = YES;
				CLANG_ANALYZER_NONNULL = YES;
				CLANG_ANALYZER_NUMBER_OBJECT_CONVERSION = YES_AGGRESSIVE;
				CLANG_CXX_LANGUAGE_STANDARD = "gnu++20";
				CLANG_ENABLE_MODULES = YES;
				CLANG_ENABLE_OBJC_ARC = YES;
				CLANG_ENABLE_OBJC_WEAK = YES;
				CLANG_WARN_BLOCK_CAPTURE_AUTORELEASING = YES;
				CLANG_WARN_BOOL_CONVERSION = YES;
				CLANG_WARN_COMMA = YES;
				CLANG_WARN_CONSTANT_CONVERSION = YES;
				CLANG_WARN_DEPRECATED_OBJC_IMPLEMENTATIONS = YES;
				CLANG_WARN_DIRECT_OBJC_ISA_USAGE = YES_ERROR;
				CLANG_WARN_DOCUMENTATION_COMMENTS = YES;
				CLANG_WARN_EMPTY_BODY = YES;
				CLANG_WARN_ENUM_CONVERSION = YES;
				CLANG_WARN_INFINITE_RECURSION = YES;
				CLANG_WARN_INT_CONVERSION = YES;
				CLANG_WARN_NON_LITERAL_NULL_CONVERSION = YES;
				CLANG_WARN_OBJC_IMPLICIT_RETAIN_SELF = YES;
				CLANG_WARN_OBJC_LITERAL_CONVERSION = YES;
				CLANG_WARN_OBJC_ROOT_CLASS = YES_ERROR;
				CLANG_WARN_QUOTED_INCLUDE_IN_FRAMEWORK_HEADER = YES;
				CLANG_WARN_RANGE_LOOP_ANALYSIS = YES;
				CLANG_WARN_STRICT_PROTOTYPES = YES;
				CLANG_WARN_SUSPICIOUS_MOVE = YES;
				CLANG_WARN_UNGUARDED_AVAILABILITY = YES_AGGRESSIVE;
				CLANG_WARN_UNREACHABLE_CODE = YES;
				CLANG_WARN__DUPLICATE_METHOD_MATCH = YES;
				COPY_PHASE_STRIP = NO;
				DEBUG_INFORMATION_FORMAT = dwarf;
				ENABLE_STRICT_OBJC_MSGSEND = YES;
				ENABLE_TESTABILITY = YES;
				ENABLE_USER_SCRIPT_SANDBOXING = YES;
				GCC_C_LANGUAGE_STANDARD = gnu17;
				GCC_DYNAMIC_NO_PIC = NO;
				GCC_NO_COMMON_BLOCKS = YES;
				GCC_OPTIMIZATION_LEVEL = 0;
				GCC_PREPROCESSOR_DEFINITIONS = (
					"DEBUG=1",
					"$(inherited)",
				);
				GCC_WARN_64_TO_32_BIT_CONVERSION = YES;
				GCC_WARN_ABOUT_RETURN_TYPE = YES_ERROR;
				GCC_WARN_UNDECLARED_SELECTOR = YES;
				GCC_WARN_UNINITIALIZED_AUTOS = YES_AGGRESSIVE;
				GCC_WARN_UNUSED_FUNCTION = YES;
				GCC_WARN_UNUSED_VARIABLE = YES;
				IPHONEOS_DEPLOYMENT_TARGET = 17.4;
				LOCALIZATION_PREFERS_STRING_CATALOGS = YES;
				MTL_ENABLE_DEBUG_INFO = INCLUDE_SOURCE;
				MTL_FAST_MATH = YES;
				ONLY_ACTIVE_ARCH = YES;
				SDKROOT = iphoneos;
				SWIFT_ACTIVE_COMPILATION_CONDITIONS = "DEBUG $(inherited)";
				SWIFT_OPTIMIZATION_LEVEL = "-Onone";
			};
			name = Debug;
		};
		CEB2B4C72BEDF2DE00192E3B /* Release */ = {
			isa = XCBuildConfiguration;
			buildSettings = {
				ALWAYS_SEARCH_USER_PATHS = NO;
				ASSETCATALOG_COMPILER_GENERATE_SWIFT_ASSET_SYMBOL_EXTENSIONS = YES;
				CLANG_ANALYZER_NONNULL = YES;
				CLANG_ANALYZER_NUMBER_OBJECT_CONVERSION = YES_AGGRESSIVE;
				CLANG_CXX_LANGUAGE_STANDARD = "gnu++20";
				CLANG_ENABLE_MODULES = YES;
				CLANG_ENABLE_OBJC_ARC = YES;
				CLANG_ENABLE_OBJC_WEAK = YES;
				CLANG_WARN_BLOCK_CAPTURE_AUTORELEASING = YES;
				CLANG_WARN_BOOL_CONVERSION = YES;
				CLANG_WARN_COMMA = YES;
				CLANG_WARN_CONSTANT_CONVERSION = YES;
				CLANG_WARN_DEPRECATED_OBJC_IMPLEMENTATIONS = YES;
				CLANG_WARN_DIRECT_OBJC_ISA_USAGE = YES_ERROR;
				CLANG_WARN_DOCUMENTATION_COMMENTS = YES;
				CLANG_WARN_EMPTY_BODY = YES;
				CLANG_WARN_ENUM_CONVERSION = YES;
				CLANG_WARN_INFINITE_RECURSION = YES;
				CLANG_WARN_INT_CONVERSION = YES;
				CLANG_WARN_NON_LITERAL_NULL_CONVERSION = YES;
				CLANG_WARN_OBJC_IMPLICIT_RETAIN_SELF = YES;
				CLANG_WARN_OBJC_LITERAL_CONVERSION = YES;
				CLANG_WARN_OBJC_ROOT_CLASS = YES_ERROR;
				CLANG_WARN_QUOTED_INCLUDE_IN_FRAMEWORK_HEADER = YES;
				CLANG_WARN_RANGE_LOOP_ANALYSIS = YES;
				CLANG_WARN_STRICT_PROTOTYPES = YES;
				CLANG_WARN_SUSPICIOUS_MOVE = YES;
				CLANG_WARN_UNGUARDED_AVAILABILITY = YES_AGGRESSIVE;
				CLANG_WARN_UNREACHABLE_CODE = YES;
				CLANG_WARN__DUPLICATE_METHOD_MATCH = YES;
				COPY_PHASE_STRIP = NO;
				DEBUG_INFORMATION_FORMAT = "dwarf-with-dsym";
				ENABLE_NS_ASSERTIONS = NO;
				ENABLE_STRICT_OBJC_MSGSEND = YES;
				ENABLE_USER_SCRIPT_SANDBOXING = YES;
				GCC_C_LANGUAGE_STANDARD = gnu17;
				GCC_NO_COMMON_BLOCKS = YES;
				GCC_WARN_64_TO_32_BIT_CONVERSION = YES;
				GCC_WARN_ABOUT_RETURN_TYPE = YES_ERROR;
				GCC_WARN_UNDECLARED_SELECTOR = YES;
				GCC_WARN_UNINITIALIZED_AUTOS = YES_AGGRESSIVE;
				GCC_WARN_UNUSED_FUNCTION = YES;
				GCC_WARN_UNUSED_VARIABLE = YES;
				IPHONEOS_DEPLOYMENT_TARGET = 17.4;
				LOCALIZATION_PREFERS_STRING_CATALOGS = YES;
				MTL_ENABLE_DEBUG_INFO = NO;
				MTL_FAST_MATH = YES;
				SDKROOT = iphoneos;
				SWIFT_COMPILATION_MODE = wholemodule;
				VALIDATE_PRODUCT = YES;
			};
			name = Release;
		};
		CEB2B4C92BEDF2DE00192E3B /* Debug */ = {
			isa = XCBuildConfiguration;
			buildSettings = {
				ASSETCATALOG_COMPILER_APPICON_NAME = AppIcon;
				ASSETCATALOG_COMPILER_GLOBAL_ACCENT_COLOR_NAME = AccentColor;
				CODE_SIGN_STYLE = Automatic;
				CURRENT_PROJECT_VERSION = 1;
				DEVELOPMENT_TEAM = 5TMS54W5TQ;
				GENERATE_INFOPLIST_FILE = YES;
				INFOPLIST_FILE = DatabaseRealm/Info.plist;
				INFOPLIST_KEY_UIApplicationSupportsIndirectInputEvents = YES;
				INFOPLIST_KEY_UILaunchStoryboardName = LaunchScreen;
				INFOPLIST_KEY_UIMainStoryboardFile = Main;
				INFOPLIST_KEY_UISupportedInterfaceOrientations_iPad = "UIInterfaceOrientationPortrait UIInterfaceOrientationPortraitUpsideDown UIInterfaceOrientationLandscapeLeft UIInterfaceOrientationLandscapeRight";
				INFOPLIST_KEY_UISupportedInterfaceOrientations_iPhone = "UIInterfaceOrientationPortrait UIInterfaceOrientationLandscapeLeft UIInterfaceOrientationLandscapeRight";
				LD_RUNPATH_SEARCH_PATHS = (
					"$(inherited)",
					"@executable_path/Frameworks",
				);
				MARKETING_VERSION = 1.0;
				PRODUCT_BUNDLE_IDENTIFIER = com.kiyono.DatabaseRealm;
				PRODUCT_NAME = "$(TARGET_NAME)";
				SWIFT_EMIT_LOC_STRINGS = YES;
				SWIFT_VERSION = 5.0;
				TARGETED_DEVICE_FAMILY = "1,2";
			};
			name = Debug;
		};
		CEB2B4CA2BEDF2DE00192E3B /* Release */ = {
			isa = XCBuildConfiguration;
			buildSettings = {
				ASSETCATALOG_COMPILER_APPICON_NAME = AppIcon;
				ASSETCATALOG_COMPILER_GLOBAL_ACCENT_COLOR_NAME = AccentColor;
				CODE_SIGN_STYLE = Automatic;
				CURRENT_PROJECT_VERSION = 1;
				DEVELOPMENT_TEAM = 5TMS54W5TQ;
				GENERATE_INFOPLIST_FILE = YES;
				INFOPLIST_FILE = DatabaseRealm/Info.plist;
				INFOPLIST_KEY_UIApplicationSupportsIndirectInputEvents = YES;
				INFOPLIST_KEY_UILaunchStoryboardName = LaunchScreen;
				INFOPLIST_KEY_UIMainStoryboardFile = Main;
				INFOPLIST_KEY_UISupportedInterfaceOrientations_iPad = "UIInterfaceOrientationPortrait UIInterfaceOrientationPortraitUpsideDown UIInterfaceOrientationLandscapeLeft UIInterfaceOrientationLandscapeRight";
				INFOPLIST_KEY_UISupportedInterfaceOrientations_iPhone = "UIInterfaceOrientationPortrait UIInterfaceOrientationLandscapeLeft UIInterfaceOrientationLandscapeRight";
				LD_RUNPATH_SEARCH_PATHS = (
					"$(inherited)",
					"@executable_path/Frameworks",
				);
				MARKETING_VERSION = 1.0;
				PRODUCT_BUNDLE_IDENTIFIER = com.kiyono.DatabaseRealm;
				PRODUCT_NAME = "$(TARGET_NAME)";
				SWIFT_EMIT_LOC_STRINGS = YES;
				SWIFT_VERSION = 5.0;
				TARGETED_DEVICE_FAMILY = "1,2";
			};
			name = Release;
		};
/* End XCBuildConfiguration section */

/* Begin XCConfigurationList section */
		CEB2B4AF2BEDF2DC00192E3B /* Build configuration list for PBXProject "DatabaseRealm" */ = {
			isa = XCConfigurationList;
			buildConfigurations = (
				CEB2B4C62BEDF2DE00192E3B /* Debug */,
				CEB2B4C72BEDF2DE00192E3B /* Release */,
			);
			defaultConfigurationIsVisible = 0;
			defaultConfigurationName = Release;
		};
		CEB2B4C82BEDF2DE00192E3B /* Build configuration list for PBXNativeTarget "DatabaseRealm" */ = {
			isa = XCConfigurationList;
			buildConfigurations = (
				CEB2B4C92BEDF2DE00192E3B /* Debug */,
				CEB2B4CA2BEDF2DE00192E3B /* Release */,
			);
			defaultConfigurationIsVisible = 0;
			defaultConfigurationName = Release;
		};
/* End XCConfigurationList section */

/* Begin XCRemoteSwiftPackageReference section */
		CEB8CABA2BEE2AB2001FF47F /* XCRemoteSwiftPackageReference "realm-swift" */ = {
			isa = XCRemoteSwiftPackageReference;
			repositoryURL = "https://github.com/realm/realm-swift.git";
			requirement = {
				kind = upToNextMinorVersion;
				minimumVersion = 10.32.0;
			};
		};
/* End XCRemoteSwiftPackageReference section */

/* Begin XCSwiftPackageProductDependency section */
		CEB8CABB2BEE2AB2001FF47F /* Realm */ = {
			isa = XCSwiftPackageProductDependency;
			package = CEB8CABA2BEE2AB2001FF47F /* XCRemoteSwiftPackageReference "realm-swift" */;
			productName = Realm;
		};
		CEB8CABD2BEE2AB2001FF47F /* RealmSwift */ = {
			isa = XCSwiftPackageProductDependency;
			package = CEB8CABA2BEE2AB2001FF47F /* XCRemoteSwiftPackageReference "realm-swift" */;
			productName = RealmSwift;
		};
/* End XCSwiftPackageProductDependency section */
	};
	rootObject = CEB2B4AC2BEDF2DC00192E3B /* Project object */;
}
